
Microsoft Visual Studio Solution File, Format Version 12.00
# Visual Studio 2013
VisualStudioVersion = 12.0.40629.0
MinimumVisualStudioVersion = 10.0.40219.1
Project("{FAE04EC0-301F-11D3-BF4B-00C04F79EFBC}") = "AddressParser", "AddressParser\AddressParser.csproj", "{704E5064-3D22-4F7F-B6FF-930348D737E4}"
EndProject
Project("{FAE04EC0-301F-11D3-BF4B-00C04F79EFBC}") = "AddressParserTest", "AddressParserTest\AddressParserTest.csproj", "{2AFB1D61-C4CF-40CD-A473-BC200F2763F3}"
EndProject
Global
	GlobalSection(SolutionConfigurationPlatforms) = preSolution
		Debug|Any CPU = Debug|Any CPU
		Release|Any CPU = Release|Any CPU
	EndGlobalSection
	GlobalSection(ProjectConfigurationPlatforms) = postSolution
		{704E5064-3D22-4F7F-B6FF-930348D737E4}.Debug|Any CPU.ActiveCfg = Debug|Any CPU
		{704E5064-3D22-4F7F-B6FF-930348D737E4}.Debug|Any CPU.Build.0 = Debug|Any CPU
		{704E5064-3D22-4F7F-B6FF-930348D737E4}.Release|Any CPU.ActiveCfg = Release|Any CPU
		{704E5064-3D22-4F7F-B6FF-930348D737E4}.Release|Any CPU.Build.0 = Release|Any CPU
		{2AFB1D61-C4CF-40CD-A473-BC200F2763F3}.Debug|Any CPU.ActiveCfg = Debug|Any CPU
		{2AFB1D61-C4CF-40CD-A473-BC200F2763F3}.Debug|Any CPU.Build.0 = Debug|Any CPU
		{2AFB1D61-C4CF-40CD-A473-BC200F2763F3}.Release|Any CPU.ActiveCfg = Release|Any CPU
		{2AFB1D61-C4CF-40CD-A473-BC200F2763F3}.Release|Any CPU.Build.0 = Release|Any CPU
	EndGlobalSection
	GlobalSection(SolutionProperties) = preSolution
		HideSolutionNode = FALSE
	EndGlobalSection
EndGlobal
